<?xml version="1.0" encoding="utf-8"?>
<Project ToolsVersion="4.0" xmlns="http://schemas.microsoft.com/developer/msbuild/2003">
  <ItemGroup>
    <Filter Include="Plugin">
      <UniqueIdentifier>{A69F8EC2-C27B-48E6-B12F-9793B60117F6}</UniqueIdentifier>
    </Filter>
  </ItemGroup>
  <ItemGroup>
    <ClInclude Include="..\..\code\plugin\view3d_widget.h">
      <Filter>Plugin</Filter>
    </ClInclude>
  </ItemGroup>
  <ItemGroup>
    <ClCompile Include="..\..\code\plugin\view3d_plugin.cpp">
      <Filter>Plugin</Filter>
    </ClCompile>
    <ClCompile Include="..\..\code\plugin\view3d_widget.cpp">
      <Filter>Plugin</Filter>
    </ClCompile>
  </ItemGroup>
  <ItemGroup>
    <CustomBuild Include="..\..\code\plugin\view3d_plugin.h">
      <Filter>Plugin</Filter>
    </CustomBuild>
  </ItemGroup>
  <ItemGroup>
    <None Include="..\..\plugin.json">
      <Filter>Plugin</Filter>
    </None>
  </ItemGroup>
</Project>
